
Microsoft Visual Studio Solution File, Format Version 12.00
# Visual Studio Version 17
VisualStudioVersion = 17.4.33205.214
MinimumVisualStudioVersion = 10.0.40219.1
Project("{9A19103F-16F7-4668-BE54-9A1E7A4F7556}") = "UrlShortener.Service", "UrlShortener.Service\UrlShortener.Service.csproj", "{5274F77A-824A-48CD-AF2D-0B6B2A1712ED}"
EndProject
Project("{9A19103F-16F7-4668-BE54-9A1E7A4F7556}") = "UrlShortener.Statistics", "UrlShortener.Statistics\UrlShortener.Statistics.csproj", "{50D9D1F7-038A-4F21-9A90-AF1F5CEF5543}"
EndProject
Project("{E53339B2-1760-4266-BCC7-CA923CBCF16C}") = "docker-compose", "docker-compose.dcproj", "{CF962744-3E2B-4648-AB35-933709DB25D6}"
EndProject
Project("{FAE04EC0-301F-11D3-BF4B-00C04F79EFBC}") = "UrlShortener.API", "UrlShortener.API\UrlShortener.API.csproj", "{4665A5A8-205D-4C39-9652-3C229EB4299B}"
EndProject
Global
	GlobalSection(SolutionConfigurationPlatforms) = preSolution
		Debug|Any CPU = Debug|Any CPU
		Release|Any CPU = Release|Any CPU
	EndGlobalSection
	GlobalSection(ProjectConfigurationPlatforms) = postSolution
		{5274F77A-824A-48CD-AF2D-0B6B2A1712ED}.Debug|Any CPU.ActiveCfg = Debug|Any CPU
		{5274F77A-824A-48CD-AF2D-0B6B2A1712ED}.Debug|Any CPU.Build.0 = Debug|Any CPU
		{5274F77A-824A-48CD-AF2D-0B6B2A1712ED}.Release|Any CPU.ActiveCfg = Release|Any CPU
		{5274F77A-824A-48CD-AF2D-0B6B2A1712ED}.Release|Any CPU.Build.0 = Release|Any CPU
		{50D9D1F7-038A-4F21-9A90-AF1F5CEF5543}.Debug|Any CPU.ActiveCfg = Debug|Any CPU
		{50D9D1F7-038A-4F21-9A90-AF1F5CEF5543}.Debug|Any CPU.Build.0 = Debug|Any CPU
		{50D9D1F7-038A-4F21-9A90-AF1F5CEF5543}.Release|Any CPU.ActiveCfg = Release|Any CPU
		{50D9D1F7-038A-4F21-9A90-AF1F5CEF5543}.Release|Any CPU.Build.0 = Release|Any CPU
		{CF962744-3E2B-4648-AB35-933709DB25D6}.Debug|Any CPU.ActiveCfg = Debug|Any CPU
		{CF962744-3E2B-4648-AB35-933709DB25D6}.Debug|Any CPU.Build.0 = Debug|Any CPU
		{CF962744-3E2B-4648-AB35-933709DB25D6}.Release|Any CPU.ActiveCfg = Release|Any CPU
		{CF962744-3E2B-4648-AB35-933709DB25D6}.Release|Any CPU.Build.0 = Release|Any CPU
		{4665A5A8-205D-4C39-9652-3C229EB4299B}.Debug|Any CPU.ActiveCfg = Debug|Any CPU
		{4665A5A8-205D-4C39-9652-3C229EB4299B}.Debug|Any CPU.Build.0 = Debug|Any CPU
		{4665A5A8-205D-4C39-9652-3C229EB4299B}.Release|Any CPU.ActiveCfg = Release|Any CPU
		{4665A5A8-205D-4C39-9652-3C229EB4299B}.Release|Any CPU.Build.0 = Release|Any CPU
	EndGlobalSection
	GlobalSection(SolutionProperties) = preSolution
		HideSolutionNode = FALSE
	EndGlobalSection
	GlobalSection(ExtensibilityGlobals) = postSolution
		SolutionGuid = {76105DDB-4FE8-4895-B47C-FA47560D454D}
	EndGlobalSection
EndGlobal
